github.com/certifi/gocertifi v0.0.0-20190905060710-a5e0173ced67 h1:8k9FLYBLKT+9v2HQJ/a95ZemmTx+/ltJcAiRhVushG8=
github.com/certifi/gocertifi v0.0.0-20190905060710-a5e0173ced67/go.mod h1:GJKEexRPVJrBSOjoqN5VNOIKJ5Q3RViH6eu3puDRwx4=
github.com/pkg/errors v0.8.1 h1:iURUrRGxPUNPdy5/HRSm+Yj6okJ6UtLINN0Q9M4+h3I=
github.com/pkg/errors v0.8.1/go.mod h1:bwawxfHBFNV+L2hUp1rHADufV3IMtnDRdf1r5NINEl0=
